PODS:
  - ActionSheetPicker (1.6.2)
  - AFNetworking (2.6.3):
    - AFNetworking/NSURLConnection (= 2.6.3)
    - AFNetworking/NSURLSession (= 2.6.3)
    - AFNetworking/Reachability (= 2.6.3)
    - AFNetworking/Security (= 2.6.3)
    - AFNetworking/Serialization (= 2.6.3)
    - AFNetworking/UIKit (= 2.6.3)
  - AFNetworking/NSURLConnection (2.6.3):
    - AFNetworking/Reachability
    - AFNetworking/Security
    - AFNetworking/Serialization
  - AFNetworking/NSURLSession (2.6.3):
    - AFNetworking/Reachability
    - AFNetworking/Security
    - AFNetworking/Serialization
  - AFNetworking/Reachability (2.6.3)
  - AFNetworking/Security (2.6.3)
  - AFNetworking/Serialization (2.6.3)
  - AFNetworking/UIKit (2.6.3):
    - AFNetworking/NSURLConnection
    - AFNetworking/NSURLSession
  - Aspects (1.4.1)
  - GTSDK (1.5.0)
  - Masonry (0.6.4)
  - MJExtension (3.0.13)
  - RWHBaseModule (0.0.1):
    - RWHBaseModule/RWHCore (= 0.0.1)
  - RWHBaseModule/RWHCore (0.0.1):
    - ActionSheetPicker
    - Aspects
    - Masonry
    - XAspect
  - SDWebImage (3.7.6):
    - SDWebImage/Core (= 3.7.6)
  - SDWebImage/Core (3.7.6)
  - UMengAnalytics-NO-IDFA (4.1.5)
  - UMengUShare/Core (6.0.3):
    - UMengUShare/Network
  - UMengUShare/Network (6.0.3)
  - UMengUShare/Social/QQ (6.0.3):
    - UMengUShare/Core
  - UMengUShare/Social/Sina (6.0.3):
    - UMengUShare/Core
  - UMengUShare/Social/TencentWeibo (6.0.3):
    - UMengUShare/Core
  - UMengUShare/Social/WeChat (6.0.3):
    - UMengUShare/Core
  - UMengUShare/UI (6.0.3):
    - UMengUShare/Core
  - XAspect (1.0.5):
    - XAspect/Core (= 1.0.5)
    - XAspect/Macros (= 1.0.5)
  - XAspect/Core (1.0.5):
    - XAspect/Macros
  - XAspect/Macros (1.0.5)

DEPENDENCIES:
  - ActionSheetPicker
  - AFNetworking (~> 2.6.0)
  - Aspects
  - GTSDK
  - GTSDK (~> 1.5.0)
  - Masonry (~> 0.6.1)
  - MJExtension (~> 3.0.10)
  - RWHBaseModule (from `RWHBaseModule.podspec`)
  - SDWebImage (~> 3.7.5)
  - UMengAnalytics-NO-IDFA
  - UMengAnalytics-NO-IDFA (~> 4.1.1)
  - UMengUShare/Social/QQ
  - UMengUShare/Social/Sina
  - UMengUShare/Social/TencentWeibo
  - UMengUShare/Social/WeChat
  - UMengUShare/UI
  - XAspect

EXTERNAL SOURCES:
  RWHBaseModule:
    :podspec: RWHBaseModule.podspec

SPEC CHECKSUMS:
  ActionSheetPicker: cc5255a36aabaf34245b97a478059d26bac8cd84
  AFNetworking: cb8d14a848e831097108418f5d49217339d4eb60
  Aspects: 7595ba96a6727a58ebcbfc954497fc5d2fdde546
  GTSDK: 4380de452178d8ba2a67189f10c6743d0f9536b9
  Masonry: 281802d04d787ea2973179ee8bcb50500579ede2
  MJExtension: 5932755f451458eefa24239358817f8d291240c7
  RWHBaseModule: e1194bc0d9160d8bfbbad00ad942f9dfbd1006d1
  SDWebImage: c325cf02c30337336b95beff20a13df489ec0ec9
  UMengAnalytics-NO-IDFA: f1b08b540eba6ebad044a574cae6d988cf40cfda
  UMengUShare: f231fc086d789d4e560a5090dcc13a2db15c686d
  XAspect: db50bf487f92dbb8557a7a5365556966c8493af8

PODFILE CHECKSUM: f2340630c25ac7ad05d9eebde75d4d2d7ed5b87a

COCOAPODS: 1.2.0.beta.1
